
Microsoft Visual Studio Solution File, Format Version 12.00
# Visual Studio Version 16
VisualStudioVersion = 16.0.30907.101
MinimumVisualStudioVersion = 10.0.40219.1
Project("{FAE04EC0-301F-11D3-BF4B-00C04F79EFBC}") = "Timestomp", "Timestomp.csproj", "{0E804EF3-50D2-402C-B897-0451AEE98FFF}"
EndProject
Global
	GlobalSection(SolutionConfigurationPlatforms) = preSolution
		Debug|Any CPU = Debug|Any CPU
		Release|Any CPU = Release|Any CPU
	EndGlobalSection
	GlobalSection(ProjectConfigurationPlatforms) = postSolution
		{0E804EF3-50D2-402C-B897-0451AEE98FFF}.Debug|Any CPU.ActiveCfg = Debug|Any CPU
		{0E804EF3-50D2-402C-B897-0451AEE98FFF}.Debug|Any CPU.Build.0 = Debug|Any CPU
		{0E804EF3-50D2-402C-B897-0451AEE98FFF}.Release|Any CPU.ActiveCfg = Release|Any CPU
		{0E804EF3-50D2-402C-B897-0451AEE98FFF}.Release|Any CPU.Build.0 = Release|Any CPU
	EndGlobalSection
	GlobalSection(SolutionProperties) = preSolution
		HideSolutionNode = FALSE
	EndGlobalSection
	GlobalSection(ExtensibilityGlobals) = postSolution
		SolutionGuid = {5610B983-94F9-45EE-A6BC-A1FF23B157F7}
	EndGlobalSection
EndGlobal
